// !$*UTF8*$!
{
	archiveVersion = 1;
	classes = {
	};
	objectVersion = 50;
	objects = {

/* Begin PBXBuildFile section */
		D892C108296DC938005A27DA /* AppDelegate.swift in Sources */ = {isa = PBXBuildFile; fileRef = D892C107296DC938005A27DA /* AppDelegate.swift */; };
		D892C10A296DC938005A27DA /* SceneDelegate.swift in Sources */ = {isa = PBXBuildFile; fileRef = D892C109296DC938005A27DA /* SceneDelegate.swift */; };
		D892C10C296DC938005A27DA /* BriefListViewController.swift in Sources */ = {isa = PBXBuildFile; fileRef = D892C10B296DC938005A27DA /* BriefListViewController.swift */; };
		D892C10F296DC938005A27DA /* Main.storyboard in Resources */ = {isa = PBXBuildFile; fileRef = D892C10D296DC938005A27DA /* Main.storyboard */; };
		D892C111296DC946005A27DA /* Assets.xcassets in Resources */ = {isa = PBXBuildFile; fileRef = D892C110296DC946005A27DA /* Assets.xcassets */; };
		D892C114296DC946005A27DA /* LaunchScreen.storyboard in Resources */ = {isa = PBXBuildFile; fileRef = D892C112296DC946005A27DA /* LaunchScreen.storyboard */; };
		D892C121296DCADD005A27DA /* DataStore.swift in Sources */ = {isa = PBXBuildFile; fileRef = D892C120296DCADD005A27DA /* DataStore.swift */; };
		D892C123296DCBC6005A27DA /* Person.swift in Sources */ = {isa = PBXBuildFile; fileRef = D892C122296DCBC6005A27DA /* Person.swift */; };
		D892C128296DFC54005A27DA /* DetailedListViewController.swift in Sources */ = {isa = PBXBuildFile; fileRef = D892C127296DFC54005A27DA /* DetailedListViewController.swift */; };
		D892C12A296DFCE8005A27DA /* ContactViewController.swift in Sources */ = {isa = PBXBuildFile; fileRef = D892C129296DFCE8005A27DA /* ContactViewController.swift */; };
		D892C14C296EE28A005A27DA /* StartTabBarController.swift in Sources */ = {isa = PBXBuildFile; fileRef = D892C14B296EE28A005A27DA /* StartTabBarController.swift */; };
/* End PBXBuildFile section */

/* Begin PBXFileReference section */
		D892C104296DC938005A27DA /* Contacts.app */ = {isa = PBXFileReference; explicitFileType = wrapper.application; includeInIndex = 0; path = Contacts.app; sourceTree = BUILT_PRODUCTS_DIR; };
		D892C107296DC938005A27DA /* AppDelegate.swift */ = {isa = PBXFileReference; lastKnownFileType = sourcecode.swift; path = AppDelegate.swift; sourceTree = "<group>"; };
		D892C109296DC938005A27DA /* SceneDelegate.swift */ = {isa = PBXFileReference; lastKnownFileType = sourcecode.swift; path = SceneDelegate.swift; sourceTree = "<group>"; };
		D892C10B296DC938005A27DA /* BriefListViewController.swift */ = {isa = PBXFileReference; lastKnownFileType = sourcecode.swift; path = BriefListViewController.swift; sourceTree = "<group>"; };
		D892C10E296DC938005A27DA /* Base */ = {isa = PBXFileReference; lastKnownFileType = file.storyboard; name = Base; path = Base.lproj/Main.storyboard; sourceTree = "<group>"; };
		D892C110296DC946005A27DA /* Assets.xcassets */ = {isa = PBXFileReference; lastKnownFileType = folder.assetcatalog; path = Assets.xcassets; sourceTree = "<group>"; };
		D892C113296DC946005A27DA /* Base */ = {isa = PBXFileReference; lastKnownFileType = file.storyboard; name = Base; path = Base.lproj/LaunchScreen.storyboard; sourceTree = "<group>"; };
		D892C115296DC946005A27DA /* Info.plist */ = {isa = PBXFileReference; lastKnownFileType = text.plist.xml; path = Info.plist; sourceTree = "<group>"; };
		D892C120296DCADD005A27DA /* DataStore.swift */ = {isa = PBXFileReference; lastKnownFileType = sourcecode.swift; path = DataStore.swift; sourceTree = "<group>"; };
		D892C122296DCBC6005A27DA /* Person.swift */ = {isa = PBXFileReference; lastKnownFileType = sourcecode.swift; path = Person.swift; sourceTree = "<group>"; };
		D892C127296DFC54005A27DA /* DetailedListViewController.swift */ = {isa = PBXFileReference; lastKnownFileType = sourcecode.swift; path = DetailedListViewController.swift; sourceTree = "<group>"; };
		D892C129296DFCE8005A27DA /* ContactViewController.swift */ = {isa = PBXFileReference; lastKnownFileType = sourcecode.swift; path = ContactViewController.swift; sourceTree = "<group>"; };
		D892C14B296EE28A005A27DA /* StartTabBarController.swift */ = {isa = PBXFileReference; lastKnownFileType = sourcecode.swift; path = StartTabBarController.swift; sourceTree = "<group>"; };
/* End PBXFileReference section */

/* Begin PBXFrameworksBuildPhase section */
		D892C101296DC938005A27DA /* Frameworks */ = {
			isa = PBXFrameworksBuildPhase;
			buildActionMask = 2147483647;
			files = (
			);
			runOnlyForDeploymentPostprocessing = 0;
		};
/* End PBXFrameworksBuildPhase section */

/* Begin PBXGroup section */
		D892C0FB296DC938005A27DA = {
			isa = PBXGroup;
			children = (
				D892C106296DC938005A27DA /* Contacts */,
				D892C105296DC938005A27DA /* Products */,
			);
			sourceTree = "<group>";
		};
		D892C105296DC938005A27DA /* Products */ = {
			isa = PBXGroup;
			children = (
				D892C104296DC938005A27DA /* Contacts.app */,
			);
			name = Products;
			sourceTree = "<group>";
		};
		D892C106296DC938005A27DA /* Contacts */ = {
			isa = PBXGroup;
			children = (
				D892C11F296DCAAB005A27DA /* Models */,
				D892C11D296DC999005A27DA /* App */,
				D892C11B296DC964005A27DA /* Controllers */,
				D892C11C296DC980005A27DA /* Storyboards */,
				D892C11E296DC9A7005A27DA /* Resources */,
			);
			path = Contacts;
			sourceTree = "<group>";
		};
		D892C11B296DC964005A27DA /* Controllers */ = {
			isa = PBXGroup;
			children = (
				D892C10B296DC938005A27DA /* BriefListViewController.swift */,
				D892C129296DFCE8005A27DA /* ContactViewController.swift */,
				D892C127296DFC54005A27DA /* DetailedListViewController.swift */,
				D892C14B296EE28A005A27DA /* StartTabBarController.swift */,
			);
			path = Controllers;
			sourceTree = "<group>";
		};
		D892C11C296DC980005A27DA /* Storyboards */ = {
			isa = PBXGroup;
			children = (
				D892C10D296DC938005A27DA /* Main.storyboard */,
				D892C112296DC946005A27DA /* LaunchScreen.storyboard */,
			);
			path = Storyboards;
			sourceTree = "<group>";
		};
		D892C11D296DC999005A27DA /* App */ = {
			isa = PBXGroup;
			children = (
				D892C107296DC938005A27DA /* AppDelegate.swift */,
				D892C109296DC938005A27DA /* SceneDelegate.swift */,
				D892C115296DC946005A27DA /* Info.plist */,
			);
			path = App;
			sourceTree = "<group>";
		};
		D892C11E296DC9A7005A27DA /* Resources */ = {
			isa = PBXGroup;
			children = (
				D892C110296DC946005A27DA /* Assets.xcassets */,
			);
			path = Resources;
			sourceTree = "<group>";
		};
		D892C11F296DCAAB005A27DA /* Models */ = {
			isa = PBXGroup;
			children = (
				D892C120296DCADD005A27DA /* DataStore.swift */,
				D892C122296DCBC6005A27DA /* Person.swift */,
			);
			path = Models;
			sourceTree = "<group>";
		};
/* End PBXGroup section */

/* Begin PBXNativeTarget section */
		D892C103296DC938005A27DA /* Contacts */ = {
			isa = PBXNativeTarget;
			buildConfigurationList = D892C118296DC946005A27DA /* Build configuration list for PBXNativeTarget "Contacts" */;
			buildPhases = (
				D892C100296DC938005A27DA /* Sources */,
				D892C101296DC938005A27DA /* Frameworks */,
				D892C102296DC938005A27DA /* Resources */,
			);
			buildRules = (
			);
			dependencies = (
			);
			name = Contacts;
			productName = Contacts;
			productReference = D892C104296DC938005A27DA /* Contacts.app */;
			productType = "com.apple.product-type.application";
		};
/* End PBXNativeTarget section */

/* Begin PBXProject section */
		D892C0FC296DC938005A27DA /* Project object */ = {
			isa = PBXProject;
			attributes = {
				LastSwiftUpdateCheck = 1250;
				LastUpgradeCheck = 1250;
				TargetAttributes = {
					D892C103296DC938005A27DA = {
						CreatedOnToolsVersion = 12.5.1;
					};
				};
			};
			buildConfigurationList = D892C0FF296DC938005A27DA /* Build configuration list for PBXProject "Contacts" */;
			compatibilityVersion = "Xcode 9.3";
			developmentRegion = en;
			hasScannedForEncodings = 0;
			knownRegions = (
				en,
				Base,
			);
			mainGroup = D892C0FB296DC938005A27DA;
			productRefGroup = D892C105296DC938005A27DA /* Products */;
			projectDirPath = "";
			projectRoot = "";
			targets = (
				D892C103296DC938005A27DA /* Contacts */,
			);
		};
/* End PBXProject section */

/* Begin PBXResourcesBuildPhase section */
		D892C102296DC938005A27DA /* Resources */ = {
			isa = PBXResourcesBuildPhase;
			buildActionMask = 2147483647;
			files = (
				D892C114296DC946005A27DA /* LaunchScreen.storyboard in Resources */,
				D892C111296DC946005A27DA /* Assets.xcassets in Resources */,
				D892C10F296DC938005A27DA /* Main.storyboard in Resources */,
			);
			runOnlyForDeploymentPostprocessing = 0;
		};
/* End PBXResourcesBuildPhase section */

/* Begin PBXSourcesBuildPhase section */
		D892C100296DC938005A27DA /* Sources */ = {
			isa = PBXSourcesBuildPhase;
			buildActionMask = 2147483647;
			files = (
				D892C123296DCBC6005A27DA /* Person.swift in Sources */,
				D892C12A296DFCE8005A27DA /* ContactViewController.swift in Sources */,
				D892C10C296DC938005A27DA /* BriefListViewController.swift in Sources */,
				D892C14C296EE28A005A27DA /* StartTabBarController.swift in Sources */,
				D892C121296DCADD005A27DA /* DataStore.swift in Sources */,
				D892C128296DFC54005A27DA /* DetailedListViewController.swift in Sources */,
				D892C108296DC938005A27DA /* AppDelegate.swift in Sources */,
				D892C10A296DC938005A27DA /* SceneDelegate.swift in Sources */,
			);
			runOnlyForDeploymentPostprocessing = 0;
		};
/* End PBXSourcesBuildPhase section */

/* Begin PBXVariantGroup section */
		D892C10D296DC938005A27DA /* Main.storyboard */ = {
			isa = PBXVariantGroup;
			children = (
				D892C10E296DC938005A27DA /* Base */,
			);
			name = Main.storyboard;
			sourceTree = "<group>";
		};
		D892C112296DC946005A27DA /* LaunchScreen.storyboard */ = {
			isa = PBXVariantGroup;
			children = (
				D892C113296DC946005A27DA /* Base */,
			);
			name = LaunchScreen.storyboard;
			sourceTree = "<group>";
		};
/* End PBXVariantGroup section */

/* Begin XCBuildConfiguration section */
		D892C116296DC946005A27DA /* Debug */ = {
			isa = XCBuildConfiguration;
			buildSettings = {
				ALWAYS_SEARCH_USER_PATHS = NO;
				CLANG_ANALYZER_NONNULL = YES;
				CLANG_ANALYZER_NUMBER_OBJECT_CONVERSION = YES_AGGRESSIVE;
				CLANG_CXX_LANGUAGE_STANDARD = "gnu++14";
				CLANG_CXX_LIBRARY = "libc++";
				CLANG_ENABLE_MODULES = YES;
				CLANG_ENABLE_OBJC_ARC = YES;
				CLANG_ENABLE_OBJC_WEAK = YES;
				CLANG_WARN_BLOCK_CAPTURE_AUTORELEASING = YES;
				CLANG_WARN_BOOL_CONVERSION = YES;
				CLANG_WARN_COMMA = YES;
				CLANG_WARN_CONSTANT_CONVERSION = YES;
				CLANG_WARN_DEPRECATED_OBJC_IMPLEMENTATIONS = YES;
				CLANG_WARN_DIRECT_OBJC_ISA_USAGE = YES_ERROR;
				CLANG_WARN_DOCUMENTATION_COMMENTS = YES;
				CLANG_WARN_EMPTY_BODY = YES;
				CLANG_WARN_ENUM_CONVERSION = YES;
				CLANG_WARN_INFINITE_RECURSION = YES;
				CLANG_WARN_INT_CONVERSION = YES;
				CLANG_WARN_NON_LITERAL_NULL_CONVERSION = YES;
				CLANG_WARN_OBJC_IMPLICIT_RETAIN_SELF = YES;
				CLANG_WARN_OBJC_LITERAL_CONVERSION = YES;
				CLANG_WARN_OBJC_ROOT_CLASS = YES_ERROR;
				CLANG_WARN_QUOTED_INCLUDE_IN_FRAMEWORK_HEADER = YES;
				CLANG_WARN_RANGE_LOOP_ANALYSIS = YES;
				CLANG_WARN_STRICT_PROTOTYPES = YES;
				CLANG_WARN_SUSPICIOUS_MOVE = YES;
				CLANG_WARN_UNGUARDED_AVAILABILITY = YES_AGGRESSIVE;
				CLANG_WARN_UNREACHABLE_CODE = YES;
				CLANG_WARN__DUPLICATE_METHOD_MATCH = YES;
				COPY_PHASE_STRIP = NO;
				DEBUG_INFORMATION_FORMAT = dwarf;
				ENABLE_STRICT_OBJC_MSGSEND = YES;
				ENABLE_TESTABILITY = YES;
				GCC_C_LANGUAGE_STANDARD = gnu11;
				GCC_DYNAMIC_NO_PIC = NO;
				GCC_NO_COMMON_BLOCKS = YES;
				GCC_OPTIMIZATION_LEVEL = 0;
				GCC_PREPROCESSOR_DEFINITIONS = (
					"DEBUG=1",
					"$(inherited)",
				);
				GCC_WARN_64_TO_32_BIT_CONVERSION = YES;
				GCC_WARN_ABOUT_RETURN_TYPE = YES_ERROR;
				GCC_WARN_UNDECLARED_SELECTOR = YES;
				GCC_WARN_UNINITIALIZED_AUTOS = YES_AGGRESSIVE;
				GCC_WARN_UNUSED_FUNCTION = YES;
				GCC_WARN_UNUSED_VARIABLE = YES;
				IPHONEOS_DEPLOYMENT_TARGET = 14.5;
				MTL_ENABLE_DEBUG_INFO = INCLUDE_SOURCE;
				MTL_FAST_MATH = YES;
				ONLY_ACTIVE_ARCH = YES;
				SDKROOT = iphoneos;
				SWIFT_ACTIVE_COMPILATION_CONDITIONS = DEBUG;
				SWIFT_OPTIMIZATION_LEVEL = "-Onone";
			};
			name = Debug;
		};
		D892C117296DC946005A27DA /* Release */ = {
			isa = XCBuildConfiguration;
			buildSettings = {
				ALWAYS_SEARCH_USER_PATHS = NO;
				CLANG_ANALYZER_NONNULL = YES;
				CLANG_ANALYZER_NUMBER_OBJECT_CONVERSION = YES_AGGRESSIVE;
				CLANG_CXX_LANGUAGE_STANDARD = "gnu++14";
				CLANG_CXX_LIBRARY = "libc++";
				CLANG_ENABLE_MODULES = YES;
				CLANG_ENABLE_OBJC_ARC = YES;
				CLANG_ENABLE_OBJC_WEAK = YES;
				CLANG_WARN_BLOCK_CAPTURE_AUTORELEASING = YES;
				CLANG_WARN_BOOL_CONVERSION = YES;
				CLANG_WARN_COMMA = YES;
				CLANG_WARN_CONSTANT_CONVERSION = YES;
				CLANG_WARN_DEPRECATED_OBJC_IMPLEMENTATIONS = YES;
				CLANG_WARN_DIRECT_OBJC_ISA_USAGE = YES_ERROR;
				CLANG_WARN_DOCUMENTATION_COMMENTS = YES;
				CLANG_WARN_EMPTY_BODY = YES;
				CLANG_WARN_ENUM_CONVERSION = YES;
				CLANG_WARN_INFINITE_RECURSION = YES;
				CLANG_WARN_INT_CONVERSION = YES;
				CLANG_WARN_NON_LITERAL_NULL_CONVERSION = YES;
				CLANG_WARN_OBJC_IMPLICIT_RETAIN_SELF = YES;
				CLANG_WARN_OBJC_LITERAL_CONVERSION = YES;
				CLANG_WARN_OBJC_ROOT_CLASS = YES_ERROR;
				CLANG_WARN_QUOTED_INCLUDE_IN_FRAMEWORK_HEADER = YES;
				CLANG_WARN_RANGE_LOOP_ANALYSIS = YES;
				CLANG_WARN_STRICT_PROTOTYPES = YES;
				CLANG_WARN_SUSPICIOUS_MOVE = YES;
				CLANG_WARN_UNGUARDED_AVAILABILITY = YES_AGGRESSIVE;
				CLANG_WARN_UNREACHABLE_CODE = YES;
				CLANG_WARN__DUPLICATE_METHOD_MATCH = YES;
				COPY_PHASE_STRIP = NO;
				DEBUG_INFORMATION_FORMAT = "dwarf-with-dsym";
				ENABLE_NS_ASSERTIONS = NO;
				ENABLE_STRICT_OBJC_MSGSEND = YES;
				GCC_C_LANGUAGE_STANDARD = gnu11;
				GCC_NO_COMMON_BLOCKS = YES;
				GCC_WARN_64_TO_32_BIT_CONVERSION = YES;
				GCC_WARN_ABOUT_RETURN_TYPE = YES_ERROR;
				GCC_WARN_UNDECLARED_SELECTOR = YES;
				GCC_WARN_UNINITIALIZED_AUTOS = YES_AGGRESSIVE;
				GCC_WARN_UNUSED_FUNCTION = YES;
				GCC_WARN_UNUSED_VARIABLE = YES;
				IPHONEOS_DEPLOYMENT_TARGET = 14.5;
				MTL_ENABLE_DEBUG_INFO = NO;
				MTL_FAST_MATH = YES;
				SDKROOT = iphoneos;
				SWIFT_COMPILATION_MODE = wholemodule;
				SWIFT_OPTIMIZATION_LEVEL = "-O";
				VALIDATE_PRODUCT = YES;
			};
			name = Release;
		};
		D892C119296DC946005A27DA /* Debug */ = {
			isa = XCBuildConfiguration;
			buildSettings = {
				ASSETCATALOG_COMPILER_APPICON_NAME = AppIcon;
				ASSETCATALOG_COMPILER_GLOBAL_ACCENT_COLOR_NAME = AccentColor;
				CODE_SIGN_STYLE = Automatic;
				DEVELOPMENT_TEAM = 488U3567BQ;
				INFOPLIST_FILE = Contacts/App/Info.plist;
				LD_RUNPATH_SEARCH_PATHS = (
					"$(inherited)",
					"@executable_path/Frameworks",
				);
				PRODUCT_BUNDLE_IDENTIFIER = ComSys.Contacts;
				PRODUCT_NAME = "$(TARGET_NAME)";
				SWIFT_VERSION = 5.0;
				TARGETED_DEVICE_FAMILY = 1;
			};
			name = Debug;
		};
		D892C11A296DC946005A27DA /* Release */ = {
			isa = XCBuildConfiguration;
			buildSettings = {
				ASSETCATALOG_COMPILER_APPICON_NAME = AppIcon;
				ASSETCATALOG_COMPILER_GLOBAL_ACCENT_COLOR_NAME = AccentColor;
				CODE_SIGN_STYLE = Automatic;
				DEVELOPMENT_TEAM = 488U3567BQ;
				INFOPLIST_FILE = Contacts/App/Info.plist;
				LD_RUNPATH_SEARCH_PATHS = (
					"$(inherited)",
					"@executable_path/Frameworks",
				);
				PRODUCT_BUNDLE_IDENTIFIER = ComSys.Contacts;
				PRODUCT_NAME = "$(TARGET_NAME)";
				SWIFT_VERSION = 5.0;
				TARGETED_DEVICE_FAMILY = 1;
			};
			name = Release;
		};
/* End XCBuildConfiguration section */

/* Begin XCConfigurationList section */
		D892C0FF296DC938005A27DA /* Build configuration list for PBXProject "Contacts" */ = {
			isa = XCConfigurationList;
			buildConfigurations = (
				D892C116296DC946005A27DA /* Debug */,
				D892C117296DC946005A27DA /* Release */,
			);
			defaultConfigurationIsVisible = 0;
			defaultConfigurationName = Release;
		};
		D892C118296DC946005A27DA /* Build configuration list for PBXNativeTarget "Contacts" */ = {
			isa = XCConfigurationList;
			buildConfigurations = (
				D892C119296DC946005A27DA /* Debug */,
				D892C11A296DC946005A27DA /* Release */,
			);
			defaultConfigurationIsVisible = 0;
			defaultConfigurationName = Release;
		};
/* End XCConfigurationList section */
	};
	rootObject = D892C0FC296DC938005A27DA /* Project object */;
}
